
Microsoft Visual Studio Solution File, Format Version 12.00
# Visual Studio 15
VisualStudioVersion = 15.0.28307.168
MinimumVisualStudioVersion = 10.0.40219.1
Project("{FAE04EC0-301F-11D3-BF4B-00C04F79EFBC}") = "LXTHANG_10117004", "LXTHANG_10117004\LXTHANG_10117004.csproj", "{834E9684-1D8C-4264-B8AF-2EAB2A9393E3}"
EndProject
Project("{FAE04EC0-301F-11D3-BF4B-00C04F79EFBC}") = "DAL", "DAL\DAL.csproj", "{260B38FA-EDC6-4402-B4FE-034C0DDB8CDD}"
EndProject
Project("{FAE04EC0-301F-11D3-BF4B-00C04F79EFBC}") = "BLL", "BLL\BLL.csproj", "{88BE5B40-79B5-4F80-BC82-966C831BDC09}"
EndProject
Project("{FAE04EC0-301F-11D3-BF4B-00C04F79EFBC}") = "Utility", "Utility\Utility.csproj", "{116F8C6D-6B1A-4D25-94B0-96B78DD0D1EB}"
EndProject
Project("{FAE04EC0-301F-11D3-BF4B-00C04F79EFBC}") = "DTO", "DTO\DTO.csproj", "{9E05063A-57C4-4640-A797-0E972BE5DF5C}"
EndProject
Global
	GlobalSection(SolutionConfigurationPlatforms) = preSolution
		Debug|Any CPU = Debug|Any CPU
		Release|Any CPU = Release|Any CPU
	EndGlobalSection
	GlobalSection(ProjectConfigurationPlatforms) = postSolution
		{834E9684-1D8C-4264-B8AF-2EAB2A9393E3}.Debug|Any CPU.ActiveCfg = Debug|Any CPU
		{834E9684-1D8C-4264-B8AF-2EAB2A9393E3}.Debug|Any CPU.Build.0 = Debug|Any CPU
		{834E9684-1D8C-4264-B8AF-2EAB2A9393E3}.Release|Any CPU.ActiveCfg = Release|Any CPU
		{834E9684-1D8C-4264-B8AF-2EAB2A9393E3}.Release|Any CPU.Build.0 = Release|Any CPU
		{260B38FA-EDC6-4402-B4FE-034C0DDB8CDD}.Debug|Any CPU.ActiveCfg = Debug|Any CPU
		{260B38FA-EDC6-4402-B4FE-034C0DDB8CDD}.Debug|Any CPU.Build.0 = Debug|Any CPU
		{260B38FA-EDC6-4402-B4FE-034C0DDB8CDD}.Release|Any CPU.ActiveCfg = Release|Any CPU
		{260B38FA-EDC6-4402-B4FE-034C0DDB8CDD}.Release|Any CPU.Build.0 = Release|Any CPU
		{88BE5B40-79B5-4F80-BC82-966C831BDC09}.Debug|Any CPU.ActiveCfg = Debug|Any CPU
		{88BE5B40-79B5-4F80-BC82-966C831BDC09}.Debug|Any CPU.Build.0 = Debug|Any CPU
		{88BE5B40-79B5-4F80-BC82-966C831BDC09}.Release|Any CPU.ActiveCfg = Release|Any CPU
		{88BE5B40-79B5-4F80-BC82-966C831BDC09}.Release|Any CPU.Build.0 = Release|Any CPU
		{116F8C6D-6B1A-4D25-94B0-96B78DD0D1EB}.Debug|Any CPU.ActiveCfg = Debug|Any CPU
		{116F8C6D-6B1A-4D25-94B0-96B78DD0D1EB}.Debug|Any CPU.Build.0 = Debug|Any CPU
		{116F8C6D-6B1A-4D25-94B0-96B78DD0D1EB}.Release|Any CPU.ActiveCfg = Release|Any CPU
		{116F8C6D-6B1A-4D25-94B0-96B78DD0D1EB}.Release|Any CPU.Build.0 = Release|Any CPU
		{9E05063A-57C4-4640-A797-0E972BE5DF5C}.Debug|Any CPU.ActiveCfg = Debug|Any CPU
		{9E05063A-57C4-4640-A797-0E972BE5DF5C}.Debug|Any CPU.Build.0 = Debug|Any CPU
		{9E05063A-57C4-4640-A797-0E972BE5DF5C}.Release|Any CPU.ActiveCfg = Release|Any CPU
		{9E05063A-57C4-4640-A797-0E972BE5DF5C}.Release|Any CPU.Build.0 = Release|Any CPU
	EndGlobalSection
	GlobalSection(SolutionProperties) = preSolution
		HideSolutionNode = FALSE
	EndGlobalSection
	GlobalSection(ExtensibilityGlobals) = postSolution
		SolutionGuid = {D689EECE-1657-4721-9AC4-13AC89488A99}
	EndGlobalSection
EndGlobal
